// !$*UTF8*$!
{
	archiveVersion = 1;
	classes = {
	};
	objectVersion = 46;
	objects = {

/* Begin PBXBuildFile section */
		B0480E0C17FEFDCF00EE45BD /* Foundation.framework in Frameworks */ = {isa = PBXBuildFile; fileRef = B0480E0B17FEFDCF00EE45BD /* Foundation.framework */; };
		B0480E0E17FEFDCF00EE45BD /* CoreGraphics.framework in Frameworks */ = {isa = PBXBuildFile; fileRef = B0480E0D17FEFDCF00EE45BD /* CoreGraphics.framework */; };
		B0480E1017FEFDCF00EE45BD /* UIKit.framework in Frameworks */ = {isa = PBXBuildFile; fileRef = B0480E0F17FEFDCF00EE45BD /* UIKit.framework */; };
		B0480E1617FEFDCF00EE45BD /* InfoPlist.strings in Resources */ = {isa = PBXBuildFile; fileRef = B0480E1417FEFDCF00EE45BD /* InfoPlist.strings */; };
		B0480E1817FEFDCF00EE45BD /* main.m in Sources */ = {isa = PBXBuildFile; fileRef = B0480E1717FEFDCF00EE45BD /* main.m */; };
		B0480E1C17FEFDCF00EE45BD /* AppDelegate.m in Sources */ = {isa = PBXBuildFile; fileRef = B0480E1B17FEFDCF00EE45BD /* AppDelegate.m */; };
		B0480E1F17FEFDCF00EE45BD /* Main.storyboard in Resources */ = {isa = PBXBuildFile; fileRef = B0480E1D17FEFDCF00EE45BD /* Main.storyboard */; };
		B0480E2217FEFDCF00EE45BD /* ViewController.m in Sources */ = {isa = PBXBuildFile; fileRef = B0480E2117FEFDCF00EE45BD /* ViewController.m */; };
		B0480E2417FEFDCF00EE45BD /* Images.xcassets in Resources */ = {isa = PBXBuildFile; fileRef = B0480E2317FEFDCF00EE45BD /* Images.xcassets */; };
		B0480E2B17FEFDCF00EE45BD /* XCTest.framework in Frameworks */ = {isa = PBXBuildFile; fileRef = B0480E2A17FEFDCF00EE45BD /* XCTest.framework */; };
		B0480E2C17FEFDCF00EE45BD /* Foundation.framework in Frameworks */ = {isa = PBXBuildFile; fileRef = B0480E0B17FEFDCF00EE45BD /* Foundation.framework */; };
		B0480E2D17FEFDCF00EE45BD /* UIKit.framework in Frameworks */ = {isa = PBXBuildFile; fileRef = B0480E0F17FEFDCF00EE45BD /* UIKit.framework */; };
		B0480E3517FEFDCF00EE45BD /* InfoPlist.strings in Resources */ = {isa = PBXBuildFile; fileRef = B0480E3317FEFDCF00EE45BD /* InfoPlist.strings */; };
		B0480E3717FEFDCF00EE45BD /* ReplaceCharactersInRangeTests.m in Sources */ = {isa = PBXBuildFile; fileRef = B0480E3617FEFDCF00EE45BD /* ReplaceCharactersInRangeTests.m */; };
/* End PBXBuildFile section */

/* Begin PBXContainerItemProxy section */
		B0480E2E17FEFDCF00EE45BD /* PBXContainerItemProxy */ = {
			isa = PBXContainerItemProxy;
			containerPortal = B0480E0017FEFDCF00EE45BD /* Project object */;
			proxyType = 1;
			remoteGlobalIDString = B0480E0717FEFDCF00EE45BD;
			remoteInfo = ReplaceCharactersInRange;
		};
/* End PBXContainerItemProxy section */

/* Begin PBXFileReference section */
		B0480E0817FEFDCF00EE45BD /* ReplaceCharactersInRange.app */ = {isa = PBXFileReference; explicitFileType = wrapper.application; includeInIndex = 0; path = ReplaceCharactersInRange.app; sourceTree = BUILT_PRODUCTS_DIR; };
		B0480E0B17FEFDCF00EE45BD /* Foundation.framework */ = {isa = PBXFileReference; lastKnownFileType = wrapper.framework; name = Foundation.framework; path = System/Library/Frameworks/Foundation.framework; sourceTree = SDKROOT; };
		B0480E0D17FEFDCF00EE45BD /* CoreGraphics.framework */ = {isa = PBXFileReference; lastKnownFileType = wrapper.framework; name = CoreGraphics.framework; path = System/Library/Frameworks/CoreGraphics.framework; sourceTree = SDKROOT; };
		B0480E0F17FEFDCF00EE45BD /* UIKit.framework */ = {isa = PBXFileReference; lastKnownFileType = wrapper.framework; name = UIKit.framework; path = System/Library/Frameworks/UIKit.framework; sourceTree = SDKROOT; };
		B0480E1317FEFDCF00EE45BD /* ReplaceCharactersInRange-Info.plist */ = {isa = PBXFileReference; lastKnownFileType = text.plist.xml; path = "ReplaceCharactersInRange-Info.plist"; sourceTree = "<group>"; };
		B0480E1517FEFDCF00EE45BD /* en */ = {isa = PBXFileReference; lastKnownFileType = text.plist.strings; name = en; path = en.lproj/InfoPlist.strings; sourceTree = "<group>"; };
		B0480E1717FEFDCF00EE45BD /* main.m */ = {isa = PBXFileReference; lastKnownFileType = sourcecode.c.objc; path = main.m; sourceTree = "<group>"; };
		B0480E1917FEFDCF00EE45BD /* ReplaceCharactersInRange-Prefix.pch */ = {isa = PBXFileReference; lastKnownFileType = sourcecode.c.h; path = "ReplaceCharactersInRange-Prefix.pch"; sourceTree = "<group>"; };
		B0480E1A17FEFDCF00EE45BD /* AppDelegate.h */ = {isa = PBXFileReference; lastKnownFileType = sourcecode.c.h; path = AppDelegate.h; sourceTree = "<group>"; };
		B0480E1B17FEFDCF00EE45BD /* AppDelegate.m */ = {isa = PBXFileReference; lastKnownFileType = sourcecode.c.objc; path = AppDelegate.m; sourceTree = "<group>"; };
		B0480E1E17FEFDCF00EE45BD /* Base */ = {isa = PBXFileReference; lastKnownFileType = file.storyboard; name = Base; path = Base.lproj/Main.storyboard; sourceTree = "<group>"; };
		B0480E2017FEFDCF00EE45BD /* ViewController.h */ = {isa = PBXFileReference; lastKnownFileType = sourcecode.c.h; path = ViewController.h; sourceTree = "<group>"; };
		B0480E2117FEFDCF00EE45BD /* ViewController.m */ = {isa = PBXFileReference; lastKnownFileType = sourcecode.c.objc; path = ViewController.m; sourceTree = "<group>"; };
		B0480E2317FEFDCF00EE45BD /* Images.xcassets */ = {isa = PBXFileReference; lastKnownFileType = folder.assetcatalog; path = Images.xcassets; sourceTree = "<group>"; };
		B0480E2917FEFDCF00EE45BD /* ReplaceCharactersInRangeTests.xctest */ = {isa = PBXFileReference; explicitFileType = wrapper.cfbundle; includeInIndex = 0; path = ReplaceCharactersInRangeTests.xctest; sourceTree = BUILT_PRODUCTS_DIR; };
		B0480E2A17FEFDCF00EE45BD /* XCTest.framework */ = {isa = PBXFileReference; lastKnownFileType = wrapper.framework; name = XCTest.framework; path = Library/Frameworks/XCTest.framework; sourceTree = DEVELOPER_DIR; };
		B0480E3217FEFDCF00EE45BD /* ReplaceCharactersInRangeTests-Info.plist */ = {isa = PBXFileReference; lastKnownFileType = text.plist.xml; path = "ReplaceCharactersInRangeTests-Info.plist"; sourceTree = "<group>"; };
		B0480E3417FEFDCF00EE45BD /* en */ = {isa = PBXFileReference; lastKnownFileType = text.plist.strings; name = en; path = en.lproj/InfoPlist.strings; sourceTree = "<group>"; };
		B0480E3617FEFDCF00EE45BD /* ReplaceCharactersInRangeTests.m */ = {isa = PBXFileReference; lastKnownFileType = sourcecode.c.objc; path = ReplaceCharactersInRangeTests.m; sourceTree = "<group>"; };
/* End PBXFileReference section */

/* Begin PBXFrameworksBuildPhase section */
		B0480E0517FEFDCF00EE45BD /* Frameworks */ = {
			isa = PBXFrameworksBuildPhase;
			buildActionMask = 2147483647;
			files = (
				B0480E0E17FEFDCF00EE45BD /* CoreGraphics.framework in Frameworks */,
				B0480E1017FEFDCF00EE45BD /* UIKit.framework in Frameworks */,
				B0480E0C17FEFDCF00EE45BD /* Foundation.framework in Frameworks */,
			);
			runOnlyForDeploymentPostprocessing = 0;
		};
		B0480E2617FEFDCF00EE45BD /* Frameworks */ = {
			isa = PBXFrameworksBuildPhase;
			buildActionMask = 2147483647;
			files = (
				B0480E2B17FEFDCF00EE45BD /* XCTest.framework in Frameworks */,
				B0480E2D17FEFDCF00EE45BD /* UIKit.framework in Frameworks */,
				B0480E2C17FEFDCF00EE45BD /* Foundation.framework in Frameworks */,
			);
			runOnlyForDeploymentPostprocessing = 0;
		};
/* End PBXFrameworksBuildPhase section */

/* Begin PBXGroup section */
		B0480DFF17FEFDCF00EE45BD = {
			isa = PBXGroup;
			children = (
				B0480E1117FEFDCF00EE45BD /* ReplaceCharactersInRange */,
				B0480E3017FEFDCF00EE45BD /* ReplaceCharactersInRangeTests */,
				B0480E0A17FEFDCF00EE45BD /* Frameworks */,
				B0480E0917FEFDCF00EE45BD /* Products */,
			);
			sourceTree = "<group>";
		};
		B0480E0917FEFDCF00EE45BD /* Products */ = {
			isa = PBXGroup;
			children = (
				B0480E0817FEFDCF00EE45BD /* ReplaceCharactersInRange.app */,
				B0480E2917FEFDCF00EE45BD /* ReplaceCharactersInRangeTests.xctest */,
			);
			name = Products;
			sourceTree = "<group>";
		};
		B0480E0A17FEFDCF00EE45BD /* Frameworks */ = {
			isa = PBXGroup;
			children = (
				B0480E0B17FEFDCF00EE45BD /* Foundation.framework */,
				B0480E0D17FEFDCF00EE45BD /* CoreGraphics.framework */,
				B0480E0F17FEFDCF00EE45BD /* UIKit.framework */,
				B0480E2A17FEFDCF00EE45BD /* XCTest.framework */,
			);
			name = Frameworks;
			sourceTree = "<group>";
		};
		B0480E1117FEFDCF00EE45BD /* ReplaceCharactersInRange */ = {
			isa = PBXGroup;
			children = (
				B0480E1A17FEFDCF00EE45BD /* AppDelegate.h */,
				B0480E1B17FEFDCF00EE45BD /* AppDelegate.m */,
				B0480E1D17FEFDCF00EE45BD /* Main.storyboard */,
				B0480E2017FEFDCF00EE45BD /* ViewController.h */,
				B0480E2117FEFDCF00EE45BD /* ViewController.m */,
				B0480E2317FEFDCF00EE45BD /* Images.xcassets */,
				B0480E1217FEFDCF00EE45BD /* Supporting Files */,
			);
			path = ReplaceCharactersInRange;
			sourceTree = "<group>";
		};
		B0480E1217FEFDCF00EE45BD /* Supporting Files */ = {
			isa = PBXGroup;
			children = (
				B0480E1317FEFDCF00EE45BD /* ReplaceCharactersInRange-Info.plist */,
				B0480E1417FEFDCF00EE45BD /* InfoPlist.strings */,
				B0480E1717FEFDCF00EE45BD /* main.m */,
				B0480E1917FEFDCF00EE45BD /* ReplaceCharactersInRange-Prefix.pch */,
			);
			name = "Supporting Files";
			sourceTree = "<group>";
		};
		B0480E3017FEFDCF00EE45BD /* ReplaceCharactersInRangeTests */ = {
			isa = PBXGroup;
			children = (
				B0480E3617FEFDCF00EE45BD /* ReplaceCharactersInRangeTests.m */,
				B0480E3117FEFDCF00EE45BD /* Supporting Files */,
			);
			path = ReplaceCharactersInRangeTests;
			sourceTree = "<group>";
		};
		B0480E3117FEFDCF00EE45BD /* Supporting Files */ = {
			isa = PBXGroup;
			children = (
				B0480E3217FEFDCF00EE45BD /* ReplaceCharactersInRangeTests-Info.plist */,
				B0480E3317FEFDCF00EE45BD /* InfoPlist.strings */,
			);
			name = "Supporting Files";
			sourceTree = "<group>";
		};
/* End PBXGroup section */

/* Begin PBXNativeTarget section */
		B0480E0717FEFDCF00EE45BD /* ReplaceCharactersInRange */ = {
			isa = PBXNativeTarget;
			buildConfigurationList = B0480E3A17FEFDCF00EE45BD /* Build configuration list for PBXNativeTarget "ReplaceCharactersInRange" */;
			buildPhases = (
				B0480E0417FEFDCF00EE45BD /* Sources */,
				B0480E0517FEFDCF00EE45BD /* Frameworks */,
				B0480E0617FEFDCF00EE45BD /* Resources */,
			);
			buildRules = (
			);
			dependencies = (
			);
			name = ReplaceCharactersInRange;
			productName = ReplaceCharactersInRange;
			productReference = B0480E0817FEFDCF00EE45BD /* ReplaceCharactersInRange.app */;
			productType = "com.apple.product-type.application";
		};
		B0480E2817FEFDCF00EE45BD /* ReplaceCharactersInRangeTests */ = {
			isa = PBXNativeTarget;
			buildConfigurationList = B0480E3D17FEFDCF00EE45BD /* Build configuration list for PBXNativeTarget "ReplaceCharactersInRangeTests" */;
			buildPhases = (
				B0480E2517FEFDCF00EE45BD /* Sources */,
				B0480E2617FEFDCF00EE45BD /* Frameworks */,
				B0480E2717FEFDCF00EE45BD /* Resources */,
			);
			buildRules = (
			);
			dependencies = (
				B0480E2F17FEFDCF00EE45BD /* PBXTargetDependency */,
			);
			name = ReplaceCharactersInRangeTests;
			productName = ReplaceCharactersInRangeTests;
			productReference = B0480E2917FEFDCF00EE45BD /* ReplaceCharactersInRangeTests.xctest */;
			productType = "com.apple.product-type.bundle.unit-test";
		};
/* End PBXNativeTarget section */

/* Begin PBXProject section */
		B0480E0017FEFDCF00EE45BD /* Project object */ = {
			isa = PBXProject;
			attributes = {
				LastUpgradeCheck = 0500;
				ORGANIZATIONNAME = navzou;
				TargetAttributes = {
					B0480E2817FEFDCF00EE45BD = {
						TestTargetID = B0480E0717FEFDCF00EE45BD;
					};
				};
			};
			buildConfigurationList = B0480E0317FEFDCF00EE45BD /* Build configuration list for PBXProject "ReplaceCharactersInRange" */;
			compatibilityVersion = "Xcode 3.2";
			developmentRegion = English;
			hasScannedForEncodings = 0;
			knownRegions = (
				en,
				Base,
			);
			mainGroup = B0480DFF17FEFDCF00EE45BD;
			productRefGroup = B0480E0917FEFDCF00EE45BD /* Products */;
			projectDirPath = "";
			projectRoot = "";
			targets = (
				B0480E0717FEFDCF00EE45BD /* ReplaceCharactersInRange */,
				B0480E2817FEFDCF00EE45BD /* ReplaceCharactersInRangeTests */,
			);
		};
/* End PBXProject section */

/* Begin PBXResourcesBuildPhase section */
		B0480E0617FEFDCF00EE45BD /* Resources */ = {
			isa = PBXResourcesBuildPhase;
			buildActionMask = 2147483647;
			files = (
				B0480E2417FEFDCF00EE45BD /* Images.xcassets in Resources */,
				B0480E1617FEFDCF00EE45BD /* InfoPlist.strings in Resources */,
				B0480E1F17FEFDCF00EE45BD /* Main.storyboard in Resources */,
			);
			runOnlyForDeploymentPostprocessing = 0;
		};
		B0480E2717FEFDCF00EE45BD /* Resources */ = {
			isa = PBXResourcesBuildPhase;
			buildActionMask = 2147483647;
			files = (
				B0480E3517FEFDCF00EE45BD /* InfoPlist.strings in Resources */,
			);
			runOnlyForDeploymentPostprocessing = 0;
		};
/* End PBXResourcesBuildPhase section */

/* Begin PBXSourcesBuildPhase section */
		B0480E0417FEFDCF00EE45BD /* Sources */ = {
			isa = PBXSourcesBuildPhase;
			buildActionMask = 2147483647;
			files = (
				B0480E2217FEFDCF00EE45BD /* ViewController.m in Sources */,
				B0480E1C17FEFDCF00EE45BD /* AppDelegate.m in Sources */,
				B0480E1817FEFDCF00EE45BD /* main.m in Sources */,
			);
			runOnlyForDeploymentPostprocessing = 0;
		};
		B0480E2517FEFDCF00EE45BD /* Sources */ = {
			isa = PBXSourcesBuildPhase;
			buildActionMask = 2147483647;
			files = (
				B0480E3717FEFDCF00EE45BD /* ReplaceCharactersInRangeTests.m in Sources */,
			);
			runOnlyForDeploymentPostprocessing = 0;
		};
/* End PBXSourcesBuildPhase section */

/* Begin PBXTargetDependency section */
		B0480E2F17FEFDCF00EE45BD /* PBXTargetDependency */ = {
			isa = PBXTargetDependency;
			target = B0480E0717FEFDCF00EE45BD /* ReplaceCharactersInRange */;
			targetProxy = B0480E2E17FEFDCF00EE45BD /* PBXContainerItemProxy */;
		};
/* End PBXTargetDependency section */

/* Begin PBXVariantGroup section */
		B0480E1417FEFDCF00EE45BD /* InfoPlist.strings */ = {
			isa = PBXVariantGroup;
			children = (
				B0480E1517FEFDCF00EE45BD /* en */,
			);
			name = InfoPlist.strings;
			sourceTree = "<group>";
		};
		B0480E1D17FEFDCF00EE45BD /* Main.storyboard */ = {
			isa = PBXVariantGroup;
			children = (
				B0480E1E17FEFDCF00EE45BD /* Base */,
			);
			name = Main.storyboard;
			sourceTree = "<group>";
		};
		B0480E3317FEFDCF00EE45BD /* InfoPlist.strings */ = {
			isa = PBXVariantGroup;
			children = (
				B0480E3417FEFDCF00EE45BD /* en */,
			);
			name = InfoPlist.strings;
			sourceTree = "<group>";
		};
/* End PBXVariantGroup section */

/* Begin XCBuildConfiguration section */
		B0480E3817FEFDCF00EE45BD /* Debug */ = {
			isa = XCBuildConfiguration;
			buildSettings = {
				ALWAYS_SEARCH_USER_PATHS = NO;
				ARCHS = "$(ARCHS_STANDARD_INCLUDING_64_BIT)";
				CLANG_CXX_LANGUAGE_STANDARD = "gnu++0x";
				CLANG_CXX_LIBRARY = "libc++";
				CLANG_ENABLE_MODULES = YES;
				CLANG_ENABLE_OBJC_ARC = YES;
				CLANG_WARN_BOOL_CONVERSION = YES;
				CLANG_WARN_CONSTANT_CONVERSION = YES;
				CLANG_WARN_DIRECT_OBJC_ISA_USAGE = YES_ERROR;
				CLANG_WARN_EMPTY_BODY = YES;
				CLANG_WARN_ENUM_CONVERSION = YES;
				CLANG_WARN_INT_CONVERSION = YES;
				CLANG_WARN_OBJC_ROOT_CLASS = YES_ERROR;
				CLANG_WARN__DUPLICATE_METHOD_MATCH = YES;
				"CODE_SIGN_IDENTITY[sdk=iphoneos*]" = "iPhone Developer";
				COPY_PHASE_STRIP = NO;
				GCC_C_LANGUAGE_STANDARD = gnu99;
				GCC_DYNAMIC_NO_PIC = NO;
				GCC_OPTIMIZATION_LEVEL = 0;
				GCC_PREPROCESSOR_DEFINITIONS = (
					"DEBUG=1",
					"$(inherited)",
				);
				GCC_SYMBOLS_PRIVATE_EXTERN = NO;
				GCC_WARN_64_TO_32_BIT_CONVERSION = YES;
				GCC_WARN_ABOUT_RETURN_TYPE = YES_ERROR;
				GCC_WARN_UNDECLARED_SELECTOR = YES;
				GCC_WARN_UNINITIALIZED_AUTOS = YES;
				GCC_WARN_UNUSED_FUNCTION = YES;
				GCC_WARN_UNUSED_VARIABLE = YES;
				IPHONEOS_DEPLOYMENT_TARGET = 7.0;
				ONLY_ACTIVE_ARCH = YES;
				SDKROOT = iphoneos;
			};
			name = Debug;
		};
		B0480E3917FEFDCF00EE45BD /* Release */ = {
			isa = XCBuildConfiguration;
			buildSettings = {
				ALWAYS_SEARCH_USER_PATHS = NO;
				ARCHS = "$(ARCHS_STANDARD_INCLUDING_64_BIT)";
				CLANG_CXX_LANGUAGE_STANDARD = "gnu++0x";
				CLANG_CXX_LIBRARY = "libc++";
				CLANG_ENABLE_MODULES = YES;
				CLANG_ENABLE_OBJC_ARC = YES;
				CLANG_WARN_BOOL_CONVERSION = YES;
				CLANG_WARN_CONSTANT_CONVERSION = YES;
				CLANG_WARN_DIRECT_OBJC_ISA_USAGE = YES_ERROR;
				CLANG_WARN_EMPTY_BODY = YES;
				CLANG_WARN_ENUM_CONVERSION = YES;
				CLANG_WARN_INT_CONVERSION = YES;
				CLANG_WARN_OBJC_ROOT_CLASS = YES_ERROR;
				CLANG_WARN__DUPLICATE_METHOD_MATCH = YES;
				"CODE_SIGN_IDENTITY[sdk=iphoneos*]" = "iPhone Developer";
				COPY_PHASE_STRIP = YES;
				ENABLE_NS_ASSERTIONS = NO;
				GCC_C_LANGUAGE_STANDARD = gnu99;
				GCC_WARN_64_TO_32_BIT_CONVERSION = YES;
				GCC_WARN_ABOUT_RETURN_TYPE = YES_ERROR;
				GCC_WARN_UNDECLARED_SELECTOR = YES;
				GCC_WARN_UNINITIALIZED_AUTOS = YES;
				GCC_WARN_UNUSED_FUNCTION = YES;
				GCC_WARN_UNUSED_VARIABLE = YES;
				IPHONEOS_DEPLOYMENT_TARGET = 7.0;
				SDKROOT = iphoneos;
				VALIDATE_PRODUCT = YES;
			};
			name = Release;
		};
		B0480E3B17FEFDCF00EE45BD /* Debug */ = {
			isa = XCBuildConfiguration;
			buildSettings = {
				ASSETCATALOG_COMPILER_APPICON_NAME = AppIcon;
				ASSETCATALOG_COMPILER_LAUNCHIMAGE_NAME = LaunchImage;
				GCC_PRECOMPILE_PREFIX_HEADER = YES;
				GCC_PREFIX_HEADER = "ReplaceCharactersInRange/ReplaceCharactersInRange-Prefix.pch";
				INFOPLIST_FILE = "ReplaceCharactersInRange/ReplaceCharactersInRange-Info.plist";
				PRODUCT_NAME = "$(TARGET_NAME)";
				WRAPPER_EXTENSION = app;
			};
			name = Debug;
		};
		B0480E3C17FEFDCF00EE45BD /* Release */ = {
			isa = XCBuildConfiguration;
			buildSettings = {
				ASSETCATALOG_COMPILER_APPICON_NAME = AppIcon;
				ASSETCATALOG_COMPILER_LAUNCHIMAGE_NAME = LaunchImage;
				GCC_PRECOMPILE_PREFIX_HEADER = YES;
				GCC_PREFIX_HEADER = "ReplaceCharactersInRange/ReplaceCharactersInRange-Prefix.pch";
				INFOPLIST_FILE = "ReplaceCharactersInRange/ReplaceCharactersInRange-Info.plist";
				PRODUCT_NAME = "$(TARGET_NAME)";
				WRAPPER_EXTENSION = app;
			};
			name = Release;
		};
		B0480E3E17FEFDCF00EE45BD /* Debug */ = {
			isa = XCBuildConfiguration;
			buildSettings = {
				ARCHS = "$(ARCHS_STANDARD_INCLUDING_64_BIT)";
				BUNDLE_LOADER = "$(BUILT_PRODUCTS_DIR)/ReplaceCharactersInRange.app/ReplaceCharactersInRange";
				FRAMEWORK_SEARCH_PATHS = (
					"$(SDKROOT)/Developer/Library/Frameworks",
					"$(inherited)",
					"$(DEVELOPER_FRAMEWORKS_DIR)",
				);
				GCC_PRECOMPILE_PREFIX_HEADER = YES;
				GCC_PREFIX_HEADER = "ReplaceCharactersInRange/ReplaceCharactersInRange-Prefix.pch";
				GCC_PREPROCESSOR_DEFINITIONS = (
					"DEBUG=1",
					"$(inherited)",
				);
				INFOPLIST_FILE = "ReplaceCharactersInRangeTests/ReplaceCharactersInRangeTests-Info.plist";
				PRODUCT_NAME = "$(TARGET_NAME)";
				TEST_HOST = "$(BUNDLE_LOADER)";
				WRAPPER_EXTENSION = xctest;
			};
			name = Debug;
		};
		B0480E3F17FEFDCF00EE45BD /* Release */ = {
			isa = XCBuildConfiguration;
			buildSettings = {
				ARCHS = "$(ARCHS_STANDARD_INCLUDING_64_BIT)";
				BUNDLE_LOADER = "$(BUILT_PRODUCTS_DIR)/ReplaceCharactersInRange.app/ReplaceCharactersInRange";
				FRAMEWORK_SEARCH_PATHS = (
					"$(SDKROOT)/Developer/Library/Frameworks",
					"$(inherited)",
					"$(DEVELOPER_FRAMEWORKS_DIR)",
				);
				GCC_PRECOMPILE_PREFIX_HEADER = YES;
				GCC_PREFIX_HEADER = "ReplaceCharactersInRange/ReplaceCharactersInRange-Prefix.pch";
				INFOPLIST_FILE = "ReplaceCharactersInRangeTests/ReplaceCharactersInRangeTests-Info.plist";
				PRODUCT_NAME = "$(TARGET_NAME)";
				TEST_HOST = "$(BUNDLE_LOADER)";
				WRAPPER_EXTENSION = xctest;
			};
			name = Release;
		};
/* End XCBuildConfiguration section */

/* Begin XCConfigurationList section */
		B0480E0317FEFDCF00EE45BD /* Build configuration list for PBXProject "ReplaceCharactersInRange" */ = {
			isa = XCConfigurationList;
			buildConfigurations = (
				B0480E3817FEFDCF00EE45BD /* Debug */,
				B0480E3917FEFDCF00EE45BD /* Release */,
			);
			defaultConfigurationIsVisible = 0;
			defaultConfigurationName = Release;
		};
		B0480E3A17FEFDCF00EE45BD /* Build configuration list for PBXNativeTarget "ReplaceCharactersInRange" */ = {
			isa = XCConfigurationList;
			buildConfigurations = (
				B0480E3B17FEFDCF00EE45BD /* Debug */,
				B0480E3C17FEFDCF00EE45BD /* Release */,
			);
			defaultConfigurationIsVisible = 0;
		};
		B0480E3D17FEFDCF00EE45BD /* Build configuration list for PBXNativeTarget "ReplaceCharactersInRangeTests" */ = {
			isa = XCConfigurationList;
			buildConfigurations = (
				B0480E3E17FEFDCF00EE45BD /* Debug */,
				B0480E3F17FEFDCF00EE45BD /* Release */,
			);
			defaultConfigurationIsVisible = 0;
		};
/* End XCConfigurationList section */
	};
	rootObject = B0480E0017FEFDCF00EE45BD /* Project object */;
}
